
Microsoft Visual Studio Solution File, Format Version 12.00
# Visual Studio Version 16
VisualStudioVersion = 16.0.31205.134
MinimumVisualStudioVersion = 10.0.40219.1
Project("{FAE04EC0-301F-11D3-BF4B-00C04F79EFBC}") = "NotepadMVC", "NotepadMVC\NotepadMVC.csproj", "{AB9AD73F-BB98-42F0-A979-8C2EE5B2DECA}"
EndProject
Global
	GlobalSection(SolutionConfigurationPlatforms) = preSolution
		Debug|Any CPU = Debug|Any CPU
		Release|Any CPU = Release|Any CPU
	EndGlobalSection
	GlobalSection(ProjectConfigurationPlatforms) = postSolution
		{AB9AD73F-BB98-42F0-A979-8C2EE5B2DECA}.Debug|Any CPU.ActiveCfg = Debug|Any CPU
		{AB9AD73F-BB98-42F0-A979-8C2EE5B2DECA}.Debug|Any CPU.Build.0 = Debug|Any CPU
		{AB9AD73F-BB98-42F0-A979-8C2EE5B2DECA}.Release|Any CPU.ActiveCfg = Release|Any CPU
		{AB9AD73F-BB98-42F0-A979-8C2EE5B2DECA}.Release|Any CPU.Build.0 = Release|Any CPU
	EndGlobalSection
	GlobalSection(SolutionProperties) = preSolution
		HideSolutionNode = FALSE
	EndGlobalSection
	GlobalSection(ExtensibilityGlobals) = postSolution
		SolutionGuid = {395AB2DC-2FF9-46F5-A742-F1D6146578F5}
	EndGlobalSection
EndGlobal
